{
  "originHash" : "c780ab38fc1bc5640d6e4665a20806e070180df1988de037f0e96f9e01c5903d",
  "pins" : [
    {
      "identity" : "sentry-cocoa",
      "kind" : "remoteSourceControl",
      "location" : "https://github.com/getsentry/sentry-cocoa",
      "state" : {
        "revision" : "e6d00b6171c0c055debdf278554db035ae958926",
        "version" : "9.16.1"
      }
    },
    {
      "identity" : "sparkle",
      "kind" : "remoteSourceControl",
      "location" : "https://github.com/sparkle-project/Sparkle",
      "state" : {
        "revision" : "5581748cef2bae787496fe6d61139aebe0a451f6",
        "version" : "2.8.1"
      }
    }
  ],
  "version" : 3
}
